
Microsoft Visual Studio Solution File, Format Version 12.00
# Visual Studio Version 17
VisualStudioVersion = 17.5.33424.131
MinimumVisualStudioVersion = 10.0.40219.1
Project("{2150E333-8FDC-42A3-9474-1A3956D46DE8}") = "DAL", "DAL", "{8B64951C-E513-4C41-9B61-D059A7A1313C}"
EndProject
Project("{2150E333-8FDC-42A3-9474-1A3956D46DE8}") = "Domain", "Domain", "{35C7E4BB-E0A4-4B70-92AE-75DEB76D09DF}"
EndProject
Project("{2150E333-8FDC-42A3-9474-1A3956D46DE8}") = "Presistance", "Presistance", "{7B157C9E-33A7-4265-93B0-CD3DCA7E0931}"
EndProject
Project("{2150E333-8FDC-42A3-9474-1A3956D46DE8}") = "Service", "Service", "{34331FD4-A0F3-4A1E-A204-DABBEE57DE7C}"
EndProject
Project("{FAE04EC0-301F-11D3-BF4B-00C04F79EFBC}") = "SellCar.DAL", "SellCar.DAL\SellCar.DAL.csproj", "{D986ECEE-2CFF-4F00-8AFA-97EBC083B650}"
EndProject
Project("{FAE04EC0-301F-11D3-BF4B-00C04F79EFBC}") = "SellCar.Domain", "SellCar.Domain\SellCar.Domain.csproj", "{1DAF7E54-8DF2-4C38-B5BE-1D25E147B5AF}"
EndProject
Project("{FAE04EC0-301F-11D3-BF4B-00C04F79EFBC}") = "SellCar.Web", "SellCar.Web\SellCar.Web.csproj", "{E5CDE30D-DA80-4291-9CD2-DBC367FF29A7}"
EndProject
Project("{FAE04EC0-301F-11D3-BF4B-00C04F79EFBC}") = "SellCar.Service", "SellCar.Service\SellCar.Service.csproj", "{22A5CEA6-73EE-4840-9823-DFC92FC5FF95}"
EndProject
Global
	GlobalSection(SolutionConfigurationPlatforms) = preSolution
		Debug|Any CPU = Debug|Any CPU
		Release|Any CPU = Release|Any CPU
	EndGlobalSection
	GlobalSection(ProjectConfigurationPlatforms) = postSolution
		{D986ECEE-2CFF-4F00-8AFA-97EBC083B650}.Debug|Any CPU.ActiveCfg = Debug|Any CPU
		{D986ECEE-2CFF-4F00-8AFA-97EBC083B650}.Debug|Any CPU.Build.0 = Debug|Any CPU
		{D986ECEE-2CFF-4F00-8AFA-97EBC083B650}.Release|Any CPU.ActiveCfg = Release|Any CPU
		{D986ECEE-2CFF-4F00-8AFA-97EBC083B650}.Release|Any CPU.Build.0 = Release|Any CPU
		{1DAF7E54-8DF2-4C38-B5BE-1D25E147B5AF}.Debug|Any CPU.ActiveCfg = Debug|Any CPU
		{1DAF7E54-8DF2-4C38-B5BE-1D25E147B5AF}.Debug|Any CPU.Build.0 = Debug|Any CPU
		{1DAF7E54-8DF2-4C38-B5BE-1D25E147B5AF}.Release|Any CPU.ActiveCfg = Release|Any CPU
		{1DAF7E54-8DF2-4C38-B5BE-1D25E147B5AF}.Release|Any CPU.Build.0 = Release|Any CPU
		{E5CDE30D-DA80-4291-9CD2-DBC367FF29A7}.Debug|Any CPU.ActiveCfg = Debug|Any CPU
		{E5CDE30D-DA80-4291-9CD2-DBC367FF29A7}.Debug|Any CPU.Build.0 = Debug|Any CPU
		{E5CDE30D-DA80-4291-9CD2-DBC367FF29A7}.Release|Any CPU.ActiveCfg = Release|Any CPU
		{E5CDE30D-DA80-4291-9CD2-DBC367FF29A7}.Release|Any CPU.Build.0 = Release|Any CPU
		{22A5CEA6-73EE-4840-9823-DFC92FC5FF95}.Debug|Any CPU.ActiveCfg = Debug|Any CPU
		{22A5CEA6-73EE-4840-9823-DFC92FC5FF95}.Debug|Any CPU.Build.0 = Debug|Any CPU
		{22A5CEA6-73EE-4840-9823-DFC92FC5FF95}.Release|Any CPU.ActiveCfg = Release|Any CPU
		{22A5CEA6-73EE-4840-9823-DFC92FC5FF95}.Release|Any CPU.Build.0 = Release|Any CPU
	EndGlobalSection
	GlobalSection(SolutionProperties) = preSolution
		HideSolutionNode = FALSE
	EndGlobalSection
	GlobalSection(NestedProjects) = preSolution
		{D986ECEE-2CFF-4F00-8AFA-97EBC083B650} = {8B64951C-E513-4C41-9B61-D059A7A1313C}
		{1DAF7E54-8DF2-4C38-B5BE-1D25E147B5AF} = {35C7E4BB-E0A4-4B70-92AE-75DEB76D09DF}
		{E5CDE30D-DA80-4291-9CD2-DBC367FF29A7} = {7B157C9E-33A7-4265-93B0-CD3DCA7E0931}
		{22A5CEA6-73EE-4840-9823-DFC92FC5FF95} = {34331FD4-A0F3-4A1E-A204-DABBEE57DE7C}
	EndGlobalSection
	GlobalSection(ExtensibilityGlobals) = postSolution
		SolutionGuid = {8D843216-EFB6-4AFF-9D8D-38493F0B1219}
	EndGlobalSection
EndGlobal
